
Microsoft Visual Studio Solution File, Format Version 12.00
# Visual Studio Version 17
VisualStudioVersion = 17.5.33530.505
MinimumVisualStudioVersion = 10.0.40219.1
Project("{FAE04EC0-301F-11D3-BF4B-00C04F79EFBC}") = "task1", "task1\task1.csproj", "{8D7D3ECD-DF24-4764-9183-983A30144B0F}"
EndProject
Project("{FAE04EC0-301F-11D3-BF4B-00C04F79EFBC}") = "task2", "task2\task2.csproj", "{C4541C3D-621F-42CC-9C4E-CD59CAED9552}"
EndProject
Project("{FAE04EC0-301F-11D3-BF4B-00C04F79EFBC}") = "task3", "task3\task3.csproj", "{31C73D86-0AF8-42B8-A1B6-ED8A5A16F626}"
EndProject
Project("{FAE04EC0-301F-11D3-BF4B-00C04F79EFBC}") = "task4", "task4\task4.csproj", "{111BFE07-9A66-44E1-AFE9-DCC091F6EF9B}"
EndProject
Project("{FAE04EC0-301F-11D3-BF4B-00C04F79EFBC}") = "task5", "task5\task5.csproj", "{D5F5A3C3-DBB1-4070-BEE8-8EEAD02C1EBF}"
EndProject
Project("{FAE04EC0-301F-11D3-BF4B-00C04F79EFBC}") = "task6", "task6\task6.csproj", "{447AB3D6-55E8-45D7-B180-A9C3876F35B8}"
EndProject
Project("{FAE04EC0-301F-11D3-BF4B-00C04F79EFBC}") = "task7", "task7\task7.csproj", "{7F173A74-8118-4027-B275-FA75879DDF05}"
EndProject
Global
	GlobalSection(SolutionConfigurationPlatforms) = preSolution
		Debug|Any CPU = Debug|Any CPU
		Release|Any CPU = Release|Any CPU
	EndGlobalSection
	GlobalSection(ProjectConfigurationPlatforms) = postSolution
		{8D7D3ECD-DF24-4764-9183-983A30144B0F}.Debug|Any CPU.ActiveCfg = Debug|Any CPU
		{8D7D3ECD-DF24-4764-9183-983A30144B0F}.Debug|Any CPU.Build.0 = Debug|Any CPU
		{8D7D3ECD-DF24-4764-9183-983A30144B0F}.Release|Any CPU.ActiveCfg = Release|Any CPU
		{8D7D3ECD-DF24-4764-9183-983A30144B0F}.Release|Any CPU.Build.0 = Release|Any CPU
		{C4541C3D-621F-42CC-9C4E-CD59CAED9552}.Debug|Any CPU.ActiveCfg = Debug|Any CPU
		{C4541C3D-621F-42CC-9C4E-CD59CAED9552}.Debug|Any CPU.Build.0 = Debug|Any CPU
		{C4541C3D-621F-42CC-9C4E-CD59CAED9552}.Release|Any CPU.ActiveCfg = Release|Any CPU
		{C4541C3D-621F-42CC-9C4E-CD59CAED9552}.Release|Any CPU.Build.0 = Release|Any CPU
		{31C73D86-0AF8-42B8-A1B6-ED8A5A16F626}.Debug|Any CPU.ActiveCfg = Debug|Any CPU
		{31C73D86-0AF8-42B8-A1B6-ED8A5A16F626}.Debug|Any CPU.Build.0 = Debug|Any CPU
		{31C73D86-0AF8-42B8-A1B6-ED8A5A16F626}.Release|Any CPU.ActiveCfg = Release|Any CPU
		{31C73D86-0AF8-42B8-A1B6-ED8A5A16F626}.Release|Any CPU.Build.0 = Release|Any CPU
		{111BFE07-9A66-44E1-AFE9-DCC091F6EF9B}.Debug|Any CPU.ActiveCfg = Debug|Any CPU
		{111BFE07-9A66-44E1-AFE9-DCC091F6EF9B}.Debug|Any CPU.Build.0 = Debug|Any CPU
		{111BFE07-9A66-44E1-AFE9-DCC091F6EF9B}.Release|Any CPU.ActiveCfg = Release|Any CPU
		{111BFE07-9A66-44E1-AFE9-DCC091F6EF9B}.Release|Any CPU.Build.0 = Release|Any CPU
		{D5F5A3C3-DBB1-4070-BEE8-8EEAD02C1EBF}.Debug|Any CPU.ActiveCfg = Debug|Any CPU
		{D5F5A3C3-DBB1-4070-BEE8-8EEAD02C1EBF}.Debug|Any CPU.Build.0 = Debug|Any CPU
		{D5F5A3C3-DBB1-4070-BEE8-8EEAD02C1EBF}.Release|Any CPU.ActiveCfg = Release|Any CPU
		{D5F5A3C3-DBB1-4070-BEE8-8EEAD02C1EBF}.Release|Any CPU.Build.0 = Release|Any CPU
		{447AB3D6-55E8-45D7-B180-A9C3876F35B8}.Debug|Any CPU.ActiveCfg = Debug|Any CPU
		{447AB3D6-55E8-45D7-B180-A9C3876F35B8}.Debug|Any CPU.Build.0 = Debug|Any CPU
		{447AB3D6-55E8-45D7-B180-A9C3876F35B8}.Release|Any CPU.ActiveCfg = Release|Any CPU
		{447AB3D6-55E8-45D7-B180-A9C3876F35B8}.Release|Any CPU.Build.0 = Release|Any CPU
		{7F173A74-8118-4027-B275-FA75879DDF05}.Debug|Any CPU.ActiveCfg = Debug|Any CPU
		{7F173A74-8118-4027-B275-FA75879DDF05}.Debug|Any CPU.Build.0 = Debug|Any CPU
		{7F173A74-8118-4027-B275-FA75879DDF05}.Release|Any CPU.ActiveCfg = Release|Any CPU
		{7F173A74-8118-4027-B275-FA75879DDF05}.Release|Any CPU.Build.0 = Release|Any CPU
	EndGlobalSection
	GlobalSection(SolutionProperties) = preSolution
		HideSolutionNode = FALSE
	EndGlobalSection
	GlobalSection(ExtensibilityGlobals) = postSolution
		SolutionGuid = {8B756432-653B-4B9E-950C-7231BF1CC1ED}
	EndGlobalSection
EndGlobal
